version = 1
revision = 1
requires-python = ">=3.12"

[[package]]
name = "colorama"
version = "0.4.6"
source = { registry = "https://pypi.org/simple" }
sdist = { url = "https://files.pythonhosted.org/packages/d8/53/6f443c9a4a8358a93a6792e2acffb9d9d5cb0a5cfd8802644b7b1c9a02e4/colorama-0.4.6.tar.gz", hash = "sha256:08695f5cb7ed6e0531a20572697297273c47b8cae5a63ffc6d6ed5c201be6e44", size = 27697 }
wheels = [
    { url = "https://files.pythonhosted.org/packages/d1/d6/3965ed04c63042e047cb6a3e6ed1a63a35087b6a609aa3a15ed8ac56c221/colorama-0.4.6-py2.py3-none-any.whl", hash = "sha256:4f1d9991f5acc0ca119f9d443620b77f9d6b33703e51011c16baf57afb285fc6", size = 25335 },
]

[[package]]
name = "fonttools"
version = "4.66.0"
source = { registry = "https://pypi.org/simple" }
sdist = { url = "https://files.pythonhosted.org/packages/a2/24/86f9930b930b97fc82266083320f3c34643ef67261c32651e893db525aca/fonttools-4.66.0.tar.gz", hash = "sha256:ef0610dfe7bb5bf574d9bdad6f597403ebc9807d124ac6f148d7604b2609be98", size = 3692007 }
wheels = [
    { url = "https://files.pythonhosted.org/packages/e7/c1/25821e3bddd0644df229cfdc2e8b4101d28e4da15ffbe6e6b563ea6f3acd/fonttools-4.66.0-cp312-cp312-macosx_10_13_universal2.whl", hash = "sha256:67ea5af3ca60e1e5c9b2841b1f6dba5ef16aab581bf463abb68515447154ab61", size = 3096788 },
    { url = "https://files.pythonhosted.org/packages/0c/3d/d16b4cb63710abd91f1aaa482f2848d8b0c402502de5b8a72ba9d2613cb0/fonttools-4.66.0-cp312-cp312-macosx_10_13_x86_64.whl", hash = "sha256:dbee639a23c4e067aedfbcf84d2e466a71a1a1156ad04d6d09023791ed167495", size = 2586926 },
    { url = "https://files.pythonhosted.org/packages/e2/f0/dffa4fa83ec6780464e8484fa2f30ccc252d480137c8e4d3fc6ac510b3eb/fonttools-4.66.0-cp312-cp312-manylinux2014_aarch64.manylinux_2_17_aarch64.manylinux_2_28_aarch64.whl", hash = "sha256:35684b562df7154d7a0ebfa512db9199c7fb0a93b5abfb59dac9d022dbee7aaa", size = 5415821 },
    { url = "https://files.pythonhosted.org/packages/6d/56/3c862bdd297a272a37e2ba1149da01446fd3f387ee80855699bb939bf5b2/fonttools-4.66.0-cp312-cp312-manylinux2014_x86_64.manylinux_2_17_x86_64.whl", hash = "sha256:aea0cc5609a5f2a2500f91bd6e1989fdd22da0f225be00dc1c4cec775838a7d0", size = 5396689 },
    { url = "https://files.pythonhosted.org/packages/93/d7/f4b7c81a7a6b316b7226d11f8e8659f023babf1e0957f8e7ddcc4e155a82/fonttools-4.66.0-cp312-cp312-musllinux_1_2_aarch64.whl", hash = "sha256:8af85dfc2ad564f95b3e650024578bb2268bc4d827d418aab9650bbde4b6926a", size = 5353218 },
    { url = "https://files.pythonhosted.org/packages/70/1e/f12bc535f3da359a4d29d5e7442ab2d7d67579d1516b9c7e1a38890168bd/fonttools-4.66.0-cp312-cp312-musllinux_1_2_x86_64.whl", hash = "sha256:2b278e2abe596872b3c9fe611f956ded85588537974e48e2adbe2d6ee159e099", size = 5516965 },
    { url = "https://files.pythonhosted.org/packages/14/25/a1df66888c8b5f63c14e089400f2353da0c1ff9d09683cc0bf85afea348e/fonttools-4.66.0-cp312-cp312-win32.whl", hash = "sha256:ee7b9f6c835ea1a9beb5a35c8eb0c62b6a3290f8105d3d0c29a0a18c90f9b8ba", size = 2434425 },
    { url = "https://files.pythonhosted.org/packages/b5/f2/fd490f1ddf2e430289c13059982771e6b02a2bf37504401d2a5c53307892/fonttools-4.66.0-cp312-cp312-win_amd64.whl", hash = "sha256:1d120ea0f5260b04e9b5ac0d9239efde4c23d990347d5d5889cdd37221726fec", size = 2486335 },
    { url = "https://files.pythonhosted.org/packages/a0/c8/1cf0a4f54c8cf351a4d9f8fcad5201dc0c5fb8676efdb1ba7cc3136ca523/fonttools-4.66.0-cp313-cp313-macosx_10_13_universal2.whl", hash = "sha256:c144e68572af1dfcb05fe065827d0920d4118b265504928e1d2262e3701a25a1", size = 3094615 },
    { url = "https://files.pythonhosted.org/packages/c5/ed/89baf1795841eaad6fcf0ee6f319c236f4379dd98653b4bff294b83d4172/fonttools-4.66.0-cp313-cp313-macosx_10_13_x86_64.whl", hash = "sha256:ada87643b20a8fa5763e6dd4fa0f5e2901cbdbe0833deb6d5c5a9c3186782b94", size = 2586645 },
    { url = "https://files.pythonhosted.org/packages/56/f9/982609322f92532bdd769a225c9b3e2bbac0a077c37f7780710db9a8e018/fonttools-4.66.0-cp313-cp313-manylinux2014_aarch64.manylinux_2_17_aarch64.manylinux_2_28_aarch64.whl", hash = "sha256:700c448f190cc7bbd9f059bd96131f4770e90938c9692550b142153bea73b14c", size = 5389194 },
    { url = "https://files.pythonhosted.org/packages/7d/22/12177031dd8be493d5afda574323da19f6ea5488c85202f3a5708c94757c/fonttools-4.66.0-cp313-cp313-manylinux2014_x86_64.manylinux_2_17_x86_64.whl", hash = "sha256:c519433e8632284dbe64ee4c81b609a17e205bc1afff285553723964880d1c89", size = 5371422 },
    { url = "https://files.pythonhosted.org/packages/19/e1/e8ed0950eb846f4a404ff84aea89e4c93393c2475cdfdf1c03a1b3f4e2ef/fonttools-4.66.0-cp313-cp313-musllinux_1_2_aarch64.whl", hash = "sha256:8739d77810aeb6d2ecd55cc2e4864d98a00c317fb6131a6d22ca58b3f50cf22a", size = 5332183 },
    { url = "https://files.pythonhosted.org/packages/3e/fb/c0310cf9838859d74130530ef351a903735c6ecf47418d7d0dc4cf459a9b/fonttools-4.66.0-cp313-cp313-musllinux_1_2_x86_64.whl", hash = "sha256:cffa168522a0e057d3a5628c8ebd43ddf66a34613f42e116bffb85b0b32ce5a0", size = 5490019 },
    { url = "https://files.pythonhosted.org/packages/a9/7b/928f334aea18c77f6892895bb1e28388c9e2466e04bc924f93043024c780/fonttools-4.66.0-cp313-cp313-win32.whl", hash = "sha256:379b94fe10651d26caf398eb646b3ecde886a9c504d3cce5e46164d58a78e32d", size = 2432785 },
    { url = "https://files.pythonhosted.org/packages/fa/5b/576072a97256f06fe6d0112c522c118fe72390482baf52ad9bfa3b0d1db6/fonttools-4.66.0-cp313-cp313-win_amd64.whl", hash = "sha256:ee4f85d1341af630d787514eef1a0e1ad883f9d6c11a4c1465faeb9cd0bb5ced", size = 2484475 },
    { url = "https://files.pythonhosted.org/packages/38/e6/2ea45d294ce967a8f76b5dec041abdd71c7abb652c9a81b24592edc00579/fonttools-4.66.0-cp314-cp314-macosx_10_15_universal2.whl", hash = "sha256:ce818581070527883e3678b92b1ac7ed3569e48c80f51b89b264f97d84be2608", size = 3098619 },
    { url = "https://files.pythonhosted.org/packages/1a/d5/225d95df6b88df277d86c3d86fdaa73833cd628dc2918fcf7b73133d6f67/fonttools-4.66.0-cp314-cp314-macosx_10_15_x86_64.whl", hash = "sha256:cf0033f343cb1592fb24ae3eaf8b58156f208884ac16991094293ee94c585654", size = 2588128 },
    { url = "https://files.pythonhosted.org/packages/15/e6/5892522733dc50b0577693bb164032b47d3504f33ee44d92a1a740d2e89b/fonttools-4.66.0-cp314-cp314-manylinux2014_aarch64.manylinux_2_17_aarch64.manylinux_2_28_aarch64.whl", hash = "sha256:3889fdbe63e85dbf2a0d9d7c9d90746827ce60af2cdd24f0bb4738380a9540eb", size = 5373639 },
    { url = "https://files.pythonhosted.org/packages/9a/72/72ec66154babfd53a1c705a9f973c49d12fa81084aa72d939e062242ada1/fonttools-4.66.0-cp314-cp314-manylinux2014_x86_64.manylinux_2_17_x86_64.whl", hash = "sha256:850d50b347f31667d3a277a6e66a4219236db9d98afadb2993b8addf9bd4f593", size = 5317190 },
    { url = "https://files.pythonhosted.org/packages/cd/c6/a8ca0334c73d1fa4fae1d423ff92e0b0be0885ed98e866e3478a00ad1a47/fonttools-4.66.0-cp314-cp314-musllinux_1_2_aarch64.whl", hash = "sha256:221defad3b1949c1fdde2558d1fe780d42f926b683a71a46a4495a0e6a6614bd", size = 5315603 },
    { url = "https://files.pythonhosted.org/packages/d2/34/d3d4cd925d1a934e841d39a0540539b21e952c40dfac27874bac1392f3d2/fonttools-4.66.0-cp314-cp314-musllinux_1_2_x86_64.whl", hash = "sha256:b02686b2e47115b2378ab6156abd984c776c6faa4f56898fbcc1c30ee387937d", size = 5448784 },
    { url = "https://files.pythonhosted.org/packages/61/b9/269bebce24f590d28f2e59fd8808f3282b5f5511a4a95c5f6413f0507993/fonttools-4.66.0-cp314-cp314-win32.whl", hash = "sha256:b46500e4d6f5708a9127ea12902ba54cb0ec594fc6bec649afc53154a1125b2b", size = 2437006 },
    { url = "https://files.pythonhosted.org/packages/ca/bd/9c10c9a62a274451f10295c17a01286c7777f44da87cd9f77d08c5a21d4e/fonttools-4.66.0-cp314-cp314-win_amd64.whl", hash = "sha256:0cf33d1041364ebb7a9958db757e213c6d2a238eb41755fbf935db028c2db20f", size = 2489086 },
    { url = "https://files.pythonhosted.org/packages/1f/45/c9bc900dca5ed7760c1692a6b1161c380515071da9d855eddedd4bb21fb5/fonttools-4.66.0-cp314-cp314t-macosx_10_15_universal2.whl", hash = "sha256:d2d10f89c4bf7cd42b84695da617f9130fa594647ee74673bf8c8d001fa04ef9", size = 3172290 },
    { url = "https://files.pythonhosted.org/packages/bb/82/1017a312eeb373f30d99d032d04bf55a8ea80858f1670b2e12ed90732574/fonttools-4.66.0-cp314-cp314t-macosx_10_15_x86_64.whl", hash = "sha256:135ce8738a6341fbefeedc061e20c2889350e84405abea7e61b1c9d87e1a1f2f", size = 2621293 },
    { url = "https://files.pythonhosted.org/packages/af/c3/b54678b08a6637d5a222b68e1f133c58096c664403b9ead1cce4eab53fd1/fonttools-4.66.0-cp314-cp314t-manylinux2014_aarch64.manylinux_2_17_aarch64.manylinux_2_28_aarch64.whl", hash = "sha256:107aae7c38f05561fef5103baa98a44400b5f4c69d87839c9a5f8125405e7d9a", size = 5546296 },
    { url = "https://files.pythonhosted.org/packages/98/2c/42e1c39e4025323bf65e042ea7ed709912aebfa22d422a2937da12268331/fonttools-4.66.0-cp314-cp314t-manylinux2014_x86_64.manylinux_2_17_x86_64.whl", hash = "sha256:e4677025ee40b3b1420387ca85f55545b8095f7596c3d5d59552dbee19c91f07", size = 5352908 },
    { url = "https://files.pythonhosted.org/packages/f1/66/07a6b9e634d7e0edb3e8f23ebb483479599842093624f13bde44e3c7a4bc/fonttools-4.66.0-cp314-cp314t-musllinux_1_2_aarch64.whl", hash = "sha256:03922992966a1830b94a750961d1ccfe1a7375d792ca61077a5afb719811788a", size = 5413677 },
    { url = "https://files.pythonhosted.org/packages/a4/c6/d649d4d09ebbfdb0eb13cdeea731bf9685d184fef716e0c18f7779eb44fb/fonttools-4.66.0-cp314-cp314t-musllinux_1_2_x86_64.whl", hash = "sha256:5dda4087a7f8f0b985995489b3c0115bd117f18c0fc236013a0e78e837bb9ac2", size = 5449024 },
    { url = "https://files.pythonhosted.org/packages/04/4c/60c6c9a2bc4cc0ae1012df9084bfe4ba69a1a60df06f30830787a4e6c061/fonttools-4.66.0-cp314-cp314t-win32.whl", hash = "sha256:85e2960a29e6882567b981ba408b5a5ca2d8865b8f67240e1b420348997a13be", size = 2470760 },
    { url = "https://files.pythonhosted.org/packages/d1/5e/fd8593bbe3da06d2cbf9c096e17becbb48ace6e7a33e0e5e21f82a55c32c/fonttools-4.66.0-cp314-cp314t-win_amd64.whl", hash = "sha256:8ea6265535b25f8254868f5a212a1c9dbd88c2c4050f3df18d9174949df0d6d9", size = 2520614 },
    { url = "https://files.pythonhosted.org/packages/a0/23/f9f265526c6a4096bbe67f45d6ed853519d49ad7e07667bd0c8edb33f7fd/fonttools-4.66.0-cp315-cp315-macosx_10_15_universal2.whl", hash = "sha256:9b0198962bbba64a88bf15dc5d95e4bab8c5208dede22a10fb06280406ed9874", size = 3092996 },
    { url = "https://files.pythonhosted.org/packages/a9/25/44d594d7fd703b2c4914b0df728012b8f2e69578de2d9238742c1754243a/fonttools-4.66.0-cp315-cp315-macosx_10_15_x86_64.whl", hash = "sha256:15315302c620e6ce8582934e07932dcf442fc3f59ab208d30564200b9a2f7ea4", size = 2586696 },
    { url = "https://files.pythonhosted.org/packages/b5/73/b33888692f06471222a66a79bd7f3e7b9aa9e3d87be6adb794a2ba3dc467/fonttools-4.66.0-cp315-cp315-manylinux2014_aarch64.manylinux_2_17_aarch64.manylinux_2_28_aarch64.whl", hash = "sha256:056641fcedeaad24b92e343e35e9fd1337200c102450678894b17928482d010d", size = 5370868 },
    { url = "https://files.pythonhosted.org/packages/34/22/b7fa275e29642ab706bdffc5d02564bf6ade4168bd4c8b98b6ac2a78a653/fonttools-4.66.0-cp315-cp315-manylinux2014_x86_64.manylinux_2_17_x86_64.whl", hash = "sha256:fa995d96ced196388d8ed7a67ee001b181459d230e24bb68b193ae859f5609da", size = 5334214 },
    { url = "https://files.pythonhosted.org/packages/b2/69/417f550986631f9b443666b6152c9396830c0bb7a241b2aa235d1faa2500/fonttools-4.66.0-cp315-cp315-musllinux_1_2_aarch64.whl", hash = "sha256:f014bbf05f30731bf8b9f5c7d2b4c0e4f28f375926f95b187f85e0bbceb16029", size = 5311067 },
    { url = "https://files.pythonhosted.org/packages/8f/f5/80b8b3b55306975a69995b188d640664b53891509a47e6e19e5496adc529/fonttools-4.66.0-cp315-cp315-musllinux_1_2_x86_64.whl", hash = "sha256:886f3029ea10362c592d2e1a5326a44645b85a2a0be6fdb7c9edbdb60cedb0ab", size = 5458838 },
    { url = "https://files.pythonhosted.org/packages/f4/1a/7f5e8b4e0e876a94424faf039e99e09833c3ffb105978e3617a6cba58e92/fonttools-4.66.0-cp315-cp315-win32.whl", hash = "sha256:0640e69b00e089d6b82e0a54e3a03af84b775f1f0b2cbecc1b0d7fe3980a194a", size = 2435840 },
    { url = "https://files.pythonhosted.org/packages/e0/8a/91ecd6ed7140e0589538298f941934eaccaf7ab067a60585de3a60ddcc32/fonttools-4.66.0-cp315-cp315-win_amd64.whl", hash = "sha256:a5a0624aaefb0a29e4ed7500a98732a1b0ec2d3040fe86cc8837f82e3fe4f446", size = 2488078 },
    { url = "https://files.pythonhosted.org/packages/a5/16/3a82202c98d55aeb53dd1fe5cd295c53b1057a45e6be943a347dba5bc92b/fonttools-4.66.0-cp315-cp315t-macosx_10_15_universal2.whl", hash = "sha256:4bdaf80590fcccb1b9d8e3b8ca72225defb14d03b79788f59781ce1bb66049b9", size = 3163820 },
    { url = "https://files.pythonhosted.org/packages/74/06/597c587ec929f18622d0f6ad4aac15a698e5d4e42d291cf051e63fe0d1b0/fonttools-4.66.0-cp315-cp315t-macosx_10_15_x86_64.whl", hash = "sha256:398bfc5ce9055e0b91a6189f8cf462d4230b38f522b2ceaecb4f34cbf4fb5480", size = 2617537 },
    { url = "https://files.pythonhosted.org/packages/cc/08/6477bf19e923deb834c4c5866c66f47a679cc0a31028e2240ea58f9c1244/fonttools-4.66.0-cp315-cp315t-manylinux2014_aarch64.manylinux_2_17_aarch64.manylinux_2_28_aarch64.whl", hash = "sha256:fd9297a5f670f3e59ae697289ddad5902d3c4a86188e83e7823bde06334a560c", size = 5524223 },
    { url = "https://files.pythonhosted.org/packages/69/2a/3e893827e4d6f8858784f71f0484046626a43e21492d3683b7ea5c7262bb/fonttools-4.66.0-cp315-cp315t-manylinux2014_x86_64.manylinux_2_17_x86_64.whl", hash = "sha256:f2032ac005e14c56e774fd19f2bc1c22c796c0c3b39d91741c0e3f9575944d38", size = 5345920 },
    { url = "https://files.pythonhosted.org/packages/22/7a/574cfd9f567231006152694a8904e1cfa2e7ddd2b7476e8e9d1b079278b4/fonttools-4.66.0-cp315-cp315t-musllinux_1_2_aarch64.whl", hash = "sha256:02117d05dddb51e39b5c5a6eed0702ed8e0e1c341cb138101b2446eb479858f8", size = 5392188 },
    { url = "https://files.pythonhosted.org/packages/17/15/656c907ef5063eeb9a0f6e36a253c14ffe5d5605009d6c86140234cb0968/fonttools-4.66.0-cp315-cp315t-musllinux_1_2_x86_64.whl", hash = "sha256:6b11180c4166a4fc353bb02b147322b7c454927bba4f5040ccdef109a73f9051", size = 5438594 },
    { url = "https://files.pythonhosted.org/packages/5d/82/5df8cfb6c16035a9f0baef4c7b37ae1691e5d9280195459f1eb6f0633014/fonttools-4.66.0-cp315-cp315t-win32.whl", hash = "sha256:6627f48130cdbe04c7e1189bff4192886ecda757f575626ee8468f6580eaecf3", size = 2467910 },
    { url = "https://files.pythonhosted.org/packages/fd/cd/3359c485efaed245663bf6f840e1bb45fffa1230b1e9af1880d7d9003e56/fonttools-4.66.0-cp315-cp315t-win_amd64.whl", hash = "sha256:a9a45a23b020e667499fb2dbce0f1373b1b1b8cf88e47f3031e69ef3ea21f3ee", size = 2516298 },
    { url = "https://files.pythonhosted.org/packages/83/65/826290863c9df6041f2e36a5ae5d604cd8247fffc8ec7b45581fd2473e4d/fonttools-4.66.0-py3-none-any.whl", hash = "sha256:bc7b7ddc1a1f46c363354304e9a8dd93722e4a6a24f785015650898dacf40df9", size = 1201583 },
]

[[package]]
name = "iniconfig"
version = "2.3.0"
source = { registry = "https://pypi.org/simple" }
sdist = { url = "https://files.pythonhosted.org/packages/72/34/14ca021ce8e5dfedc35312d08ba8bf51fdd999c576889fc2c24cb97f4f10/iniconfig-2.3.0.tar.gz", hash = "sha256:c76315c77db068650d49c5b56314774a7804df16fee4402c1f19d6d15d8c4730", size = 20503 }
wheels = [
    { url = "https://files.pythonhosted.org/packages/cb/b1/3846dd7f199d53cb17f49cba7e651e9ce294d8497c8c150530ed11865bb8/iniconfig-2.3.0-py3-none-any.whl", hash = "sha256:f631c04d2c48c52b84d0d0549c99ff3859c98df65b3101406327ecc7d53fbf12", size = 7484 },
]

[[package]]
name = "manifold3d"
version = "3.5.4"
source = { registry = "https://pypi.org/simple" }
dependencies = [
    { name = "numpy" },
]
sdist = { url = "https://files.pythonhosted.org/packages/f3/0f/1f7e51a8f9a6f25e837159c5bf7c95a3ae948aa12e1c5fdeee0fd90ca5f9/manifold3d-3.5.4.tar.gz", hash = "sha256:5bd88c482c6fd7fc01aa7b715b3e31c2585ee98343d5559d286ba30db0d0b6f0", size = 307695 }
wheels = [
    { url = "https://files.pythonhosted.org/packages/ad/f4/3bde89d5e37eb223ef7493b9ba782462dd8aea5af07d0370e6ce8a847186/manifold3d-3.5.4-cp312-cp312-macosx_10_14_universal2.whl", hash = "sha256:d4b47d7b0aba1ba1b575e7d549be8c9ba2d552b03e4043e3022454fdaad13447", size = 1843283 },
    { url = "https://files.pythonhosted.org/packages/1f/95/3b2e63c154d3b2e70cb8e52fc72a061eaf1bc82e826c955b324381162dc7/manifold3d-3.5.4-cp312-cp312-macosx_10_14_x86_64.whl", hash = "sha256:b1ae587cf7cfa489fb50bba84a0e048d9daadd105b6a047a312e45a7602163fa", size = 1005349 },
    { url = "https://files.pythonhosted.org/packages/66/28/6ec4f751be1b5868964eb92925da789c985efdaff5f0a5f85b47cbd87428/manifold3d-3.5.4-cp312-cp312-macosx_11_0_arm64.whl", hash = "sha256:d440e37d1e9888f90f42c70b4b3da98655be54105616e7739d84692bf7bda671", size = 884727 },
    { url = "https://files.pythonhosted.org/packages/c3/f2/15ab84b2a80dcdc91ef53cde5fafdeb63cc3989646f17da7542011522b58/manifold3d-3.5.4-cp312-cp312-manylinux_2_26_aarch64.manylinux_2_28_aarch64.whl", hash = "sha256:4f4e8ca1c59d68047b262dbdb6e917ac4abff2942a65e7e469f4a398ce1f0b9b", size = 1317923 },
    { url = "https://files.pythonhosted.org/packages/9e/04/91323ab10f23d185931b572622589673ec561a8106fa1ae0f2fc876fb960/manifold3d-3.5.4-cp312-cp312-manylinux_2_27_x86_64.manylinux_2_28_x86_64.whl", hash = "sha256:4a985892699268bbf07192b78b5e5569034c41ce74bf8183495123e8095af4fe", size = 1427177 },
    { url = "https://files.pythonhosted.org/packages/a9/35/6b67f3af439f209b6f4ba653a5f3500f56464c99274fb4aa21323886c762/manifold3d-3.5.4-cp312-cp312-win_amd64.whl", hash = "sha256:5be1025860df8a83ed3c4fd585d87376b075e23ea45e833578fe77eacc49bee1", size = 1036128 },
    { url = "https://files.pythonhosted.org/packages/56/a7/12b1585a876eca4a1cf4985c45ce165a9c13583dd7b74f0c1f19cbf7c23e/manifold3d-3.5.4-cp313-cp313-macosx_10_14_universal2.whl", hash = "sha256:f26933565a268f91e222a494570bebe494bde204277134b3e32e0d6ac686a9ad", size = 1843251 },
    { url = "https://files.pythonhosted.org/packages/b5/3b/4f030178617d1309883a857318e2764ca9ddb1080e9d9be66f326ce30286/manifold3d-3.5.4-cp313-cp313-macosx_10_14_x86_64.whl", hash = "sha256:95b512975ae13d5ecc57a9d388cf84be4cc717add5173d7d5fa408e6d6a07677", size = 1005296 },
    { url = "https://files.pythonhosted.org/packages/5e/55/6f434b0b4750565ac57dd5dcd3b2770b7de408988f0d9a044bf587863e7d/manifold3d-3.5.4-cp313-cp313-macosx_11_0_arm64.whl", hash = "sha256:ed0736f472c3362b8084867f10a724a9a483927bdb7cbfceb564acc52a7f4273", size = 884711 },
    { url = "https://files.pythonhosted.org/packages/5c/91/f5ccf45874cd667005107b654390e6379a2d970ed5fe6e5989bf24f4c7d6/manifold3d-3.5.4-cp313-cp313-manylinux_2_26_aarch64.manylinux_2_28_aarch64.whl", hash = "sha256:8b46d2f19017fc2f3095d71cc111b8574e92afd5515d70529720324da5b1c0ed", size = 1317898 },
    { url = "https://files.pythonhosted.org/packages/ac/9e/993cc841e4d88e2c8e6b1c5dfc52d4d0e8f78a46fbeaa98ff9bd539e3248/manifold3d-3.5.4-cp313-cp313-manylinux_2_27_x86_64.manylinux_2_28_x86_64.whl", hash = "sha256:7a5469641713f1bc291fea873cb134c435704df36828d134190fc2475b304259", size = 1427121 },
    { url = "https://files.pythonhosted.org/packages/ea/7a/316e60dea127721fcd523210c2e6c641ab2fa5f6c957eb8a83222f0d7ee4/manifold3d-3.5.4-cp313-cp313-win_amd64.whl", hash = "sha256:76975aa4ebd18dcb0481e43dac3ed70d78066e9ad047e73a5f7dbc0df1553cf4", size = 1036021 },
    { url = "https://files.pythonhosted.org/packages/b8/20/86f3ec8c2481a002b378aeb28341f613eb8c10a2dec6945be7c1a4db0647/manifold3d-3.5.4-cp314-cp314-macosx_10_15_universal2.whl", hash = "sha256:7c96a28ef7ed7a34e37cad775db95831051f03ca9e188f572b0a08b3561f4763", size = 1843034 },
    { url = "https://files.pythonhosted.org/packages/ce/de/f57e7aebf0092bca0a6a3435d45105043a1f902cc89289264ab68823b07e/manifold3d-3.5.4-cp314-cp314-macosx_10_15_x86_64.whl", hash = "sha256:487b351a9b064353c9a8cb86b9f004ec0064511d121355a0fe738e96a5ca5306", size = 1004990 },
    { url = "https://files.pythonhosted.org/packages/43/83/6d168952066c22749fdc570a67ba580271057b3da9da299d9cac32e3b374/manifold3d-3.5.4-cp314-cp314-macosx_11_0_arm64.whl", hash = "sha256:3d6a81f79f4812dd9e88c8093588c31c6e863c410f61a274656f9cdff76b80c0", size = 884652 },
    { url = "https://files.pythonhosted.org/packages/00/cd/475da5e3d38586edd0c487e116a77896d28dfc0f90fdbf9bb1f1a64057c9/manifold3d-3.5.4-cp314-cp314-manylinux_2_26_aarch64.manylinux_2_28_aarch64.whl", hash = "sha256:a7869f140b830faf93a76da3705d814b8e1652f3f68aab39351bfc6f05d93e01", size = 1319035 },
    { url = "https://files.pythonhosted.org/packages/75/9f/d91de303052c3b6d851c14cc60c4ff9aabcdb4ed79e6a6122fde5c668aa9/manifold3d-3.5.4-cp314-cp314-manylinux_2_27_x86_64.manylinux_2_28_x86_64.whl", hash = "sha256:c3fc18f0712b5ff10fdc5307f9abc8a40affe3a5f8559a19b9c03e3a82e4513b", size = 1427465 },
    { url = "https://files.pythonhosted.org/packages/17/a6/396f72fbcab489cb2678c066468fe2e33d7ce577351d11f948f0a7527d21/manifold3d-3.5.4-cp314-cp314-win_amd64.whl", hash = "sha256:a04a30eb686e913e1872dce6f537947d64a01c5b4a882af0be47beef2309b074", size = 1068405 },
    { url = "https://files.pythonhosted.org/packages/93/00/5f7651472bab7378cc57b6a15edba155d056542b4c0c117b743f5cdc8a44/manifold3d-3.5.4-cp314-cp314t-macosx_10_15_universal2.whl", hash = "sha256:ee967a8f1b526194ea8a598e04d2fd6920a9a78e9d465a7b78e2a6827585b8f3", size = 1853599 },
    { url = "https://files.pythonhosted.org/packages/f8/b4/63fa966d1138716a78c4e856c7846088f74a6797cc18346e6dbc8601f82f/manifold3d-3.5.4-cp314-cp314t-macosx_10_15_x86_64.whl", hash = "sha256:a55945fccc1ad20c958bedf61397a12ea5329f897a29f2237c70e12bdf7bd51d", size = 1011076 },
    { url = "https://files.pythonhosted.org/packages/28/2f/e200a5f4204d935435df2c6d58b35da8f2bfaaab61839365b2c1bac614e9/manifold3d-3.5.4-cp314-cp314t-macosx_11_0_arm64.whl", hash = "sha256:5284a8a14fc86798d1698b37729e519516ba6c0574624ae16542032764adf189", size = 890394 },
    { url = "https://files.pythonhosted.org/packages/19/8d/3856eefc139ab1f18e928abcc4531515e75d4a43db31a6180583c33d90f0/manifold3d-3.5.4-cp314-cp314t-manylinux_2_26_aarch64.manylinux_2_28_aarch64.whl", hash = "sha256:fd68576b104f563a8d2a9629f7de565c5ac704f276394f9ffdb9f0c5a05c20d8", size = 1326941 },
    { url = "https://files.pythonhosted.org/packages/0f/24/8c9d993e89cf758c3dbbd4470dcf3efc5efef11dcd8f89e208539fd11b21/manifold3d-3.5.4-cp314-cp314t-manylinux_2_27_x86_64.manylinux_2_28_x86_64.whl", hash = "sha256:ae80814e5c6f85f4c53f632b71009fdfa185645a1d68c673d0d7a6171c29f78b", size = 1433600 },
    { url = "https://files.pythonhosted.org/packages/9e/f0/fac6f8eaff4617eeab741c87bfae8a6afd1057648b0551f206c4247b0407/manifold3d-3.5.4-cp314-cp314t-win_amd64.whl", hash = "sha256:d034b1d74df1aad9377f30b2228c33b3887bf5057c7efd98a86892604edd86aa", size = 1070681 },
]

[[package]]
name = "numpy"
version = "2.5.3"
source = { registry = "https://pypi.org/simple" }
sdist = { url = "https://files.pythonhosted.org/packages/13/01/11703282db468b85f6f7b8c7f22d058de5970d5c7e60a3a8aaa313c3de36/numpy-2.5.3.tar.gz", hash = "sha256:df2d5874ff183595a4ba404edd04f6bd9b5505c1d7708573f6a6c17489a67563", size = 20791231 }
wheels = [
    { url = "https://files.pythonhosted.org/packages/d6/50/8fdbb16af64895706a45f06a4068e29db732ec180f3c1375f14123359138/numpy-2.5.3-cp312-cp312-macosx_10_13_x86_64.whl", hash = "sha256:cb189f09db39283b26bfd061ec16189e14f71c6755207f72a0f7540867afe5b9", size = 16994982 },
    { url = "https://files.pythonhosted.org/packages/60/39/789131c1188c078dcb3a1692e72e1e050c68b88ffe72c9ccaac9bcd7a9cd/numpy-2.5.3-cp312-cp312-macosx_11_0_arm64.whl", hash = "sha256:f59a878c33d6b88122d80d239bb3b845d58708750b0cb06a09aebb9b18ec696c", size = 12009327 },
    { url = "https://files.pythonhosted.org/packages/9c/59/a312e95696e5f601914dd8b6dd844692ba61670807417e24b68e337b5c70/numpy-2.5.3-cp312-cp312-macosx_14_0_arm64.whl", hash = "sha256:a72f874bc9e10e4b8f80426fb49716d5141f64442a0c8418065093ec8017fbb0", size = 5445405 },
    { url = "https://files.pythonhosted.org/packages/30/d0/5623a1707ed4fe16e3909fe3cf5ee3da004ae677ad23d83bbf3adf1a6faf/numpy-2.5.3-cp312-cp312-macosx_14_0_x86_64.whl", hash = "sha256:fc36dc566135b5eceec4cf89758fcb719266a019ef07dae1754ae7c9f617ef3e", size = 6783213 },
    { url = "https://files.pythonhosted.org/packages/f1/32/84146fc020ad3c25f805f70ab60da46fe3c540a21369754a7e4369754b6f/numpy-2.5.3-cp312-cp312-manylinux_2_27_aarch64.manylinux_2_28_aarch64.whl", hash = "sha256:76c2c1e6bfa5c84adc6434dfbf013aa92096a7985221762c8f11fedfd20fff58", size = 15687872 },
    { url = "https://files.pythonhosted.org/packages/65/af/aa78d1a88805456e212b65461354cd943197fb9acecc4c90fd12295123a3/numpy-2.5.3-cp312-cp312-manylinux_2_27_x86_64.manylinux_2_28_x86_64.whl", hash = "sha256:b7e18c623bb5c95acb3b3328861272816ba199fb531921c5d6d0b675f1fde9e3", size = 16717410 },
    { url = "https://files.pythonhosted.org/packages/3b/24/faa79d865e69a97ba17473b23a1b74094b2259c03e820c70297293b9ea49/numpy-2.5.3-cp312-cp312-musllinux_1_2_aarch64.whl", hash = "sha256:4f8929ee6c96bfbd7b4ed2032e0c03af86fe1826740ab61ddabf9072d06e57ff", size = 17040975 },
    { url = "https://files.pythonhosted.org/packages/62/4a/8877e629445a7176297dffcaf9c485faa96a95d81728a62521ad55bd4c0f/numpy-2.5.3-cp312-cp312-musllinux_1_2_x86_64.whl", hash = "sha256:b5d93cf48f687479941d12b69c873ad2cc76bbd487f0091c2200636497f34034", size = 18476479 },
    { url = "https://files.pythonhosted.org/packages/c8/db/35e1c2d38b04cbd5b731f9d71495e055e813197669d22b612f11748d2ff9/numpy-2.5.3-cp312-cp312-win32.whl", hash = "sha256:bf63afbe037eb5d2fe87fbcc7778e61da53ebaf21d938a4515aa73b62532a5d4", size = 6133378 },
    { url = "https://files.pythonhosted.org/packages/3c/a1/accf6d4f0c80c5d9ba9735d6b1550e444180599f34dec69ca01360f717ad/numpy-2.5.3-cp312-cp312-win_amd64.whl", hash = "sha256:0a59a421a32580a009e8a1751345bf829631b990dc1794b80514ab722b435def", size = 12567828 },
    { url = "https://files.pythonhosted.org/packages/22/43/1764aff32e4652526ae2f71fa8b3efd8d25c8a3d6926914454e47138ed1e/numpy-2.5.3-cp312-cp312-win_arm64.whl", hash = "sha256:ccb32e0525d29e8b0572eb84c9a57af0e7a4e615726927506f55063c62414034", size = 10485432 },
    { url = "https://files.pythonhosted.org/packages/79/e5/8fb89cd46d14e35699d13bf943a5f5f441ecee8667120a1f6105ab89e349/numpy-2.5.3-cp313-cp313-macosx_10_13_x86_64.whl", hash = "sha256:66a78fe4556c60aceda5916f9eacd638b18e9e681016ec302dcb4682d6d4d034", size = 16991061 },
    { url = "https://files.pythonhosted.org/packages/2f/06/9dc9e48b5e5e941c8b10350c5ff2d721da42a20517d911d15544246775ff/numpy-2.5.3-cp313-cp313-macosx_11_0_arm64.whl", hash = "sha256:92f30e89b8ee0ecf363033576c422b2f58fed6a80bed0aa48dff6d14c654663e", size = 12003676 },
    { url = "https://files.pythonhosted.org/packages/ab/2a/98282aa5b8f58b1157d440bb6282eed47e3632a5de53a714fbab17e659fe/numpy-2.5.3-cp313-cp313-macosx_14_0_arm64.whl", hash = "sha256:f9a2353b37a1a9e78fd82b27ad7e2a32a2d036604d18f02b05e3136c62ca3b09", size = 5439695 },
    { url = "https://files.pythonhosted.org/packages/a1/f9/b6533d777be9d6ffd29dc1be0867e563e6e8cc9a220ff1b716adc317f060/numpy-2.5.3-cp313-cp313-macosx_14_0_x86_64.whl", hash = "sha256:ccbc4665079665c3cf3bab4db9f6b095370cd6437d66be549b6c2a1fd19e1958", size = 6779395 },
    { url = "https://files.pythonhosted.org/packages/73/85/735720d04ec197c5dcfacdfc9922667c7f1f5f496a279b7ba4d7c74c4cc7/numpy-2.5.3-cp313-cp313-manylinux_2_27_aarch64.manylinux_2_28_aarch64.whl", hash = "sha256:c76d5dde9f445058f83d0c02af00557a4db91de9a9a57c0df87d1535001d654b", size = 15681750 },
    { url = "https://files.pythonhosted.org/packages/3a/1b/3b16a9bc514a440a7a0883684111dcb1ef1aee960af2ca95da8fc775f124/numpy-2.5.3-cp313-cp313-manylinux_2_27_x86_64.manylinux_2_28_x86_64.whl", hash = "sha256:a5fa86b80fd24bcd1aff83ad23be44ea323de3f787be8f8b15d4a65621e25321", size = 16708577 },
    { url = "https://files.pythonhosted.org/packages/69/c4/386f397831b07328b639c96c5b62719346cf4baf07c68d927239752b1534/numpy-2.5.3-cp313-cp313-musllinux_1_2_aarch64.whl", hash = "sha256:bd4cb9ad3c7889b9b3fe0a9a9fb5d2ed26f9879bff2608d9f01aed147a20d231", size = 17042047 },
    { url = "https://files.pythonhosted.org/packages/5f/3e/a700ecbf36e85ae8328fd3b0e12eeddc22ed6358a64cb2bd913e0d195d65/numpy-2.5.3-cp313-cp313-musllinux_1_2_x86_64.whl", hash = "sha256:1302b90c0e52281681b2975adfe8a860cb7b12216a27b4b0b4207c44bf7bccf0", size = 18465724 },
    { url = "https://files.pythonhosted.org/packages/41/ee/38e785e88a4045f6ad1d1f2808dcdfafdca48c760260c0587bf171e29fc9/numpy-2.5.3-cp313-cp313-win32.whl", hash = "sha256:1c80eabb4035ecf4ca9cd49cde8a9fdd69a729e63e6474887d1523ade7aa277f", size = 6129003 },
    { url = "https://files.pythonhosted.org/packages/f3/ec/100f2b1794ede74a9b3d7ec6b9736927f56713414c1dfe19ab6c383494bf/numpy-2.5.3-cp313-cp313-win_amd64.whl", hash = "sha256:71cad2b2a7451ab79d8f5e71b453485b6775963d5cf794179144a7463fe6e8ec", size = 12560965 },
    { url = "https://files.pythonhosted.org/packages/80/b1/7dc825ca94c12acebbce4c37caa5e198695eb31424bc579679f32b1bb49d/numpy-2.5.3-cp313-cp313-win_arm64.whl", hash = "sha256:8e4dd766076855b5ff7ea52fa5f07ce26286726e0f8bff446b7739d02e6ea204", size = 10482343 },
    { url = "https://files.pythonhosted.org/packages/70/78/cf416f15dc29375a229d9dfebf8db6e313f291580b39fa1a568b6052bb07/numpy-2.5.3-cp314-cp314-macosx_10_15_x86_64.whl", hash = "sha256:350ba9783ce969cf9f7ce6e6a9a58e1a6e2a19ca025b7ee448c4db727706212a", size = 16998686 },
    { url = "https://files.pythonhosted.org/packages/9e/59/abcc2d8def4fd60eec7d87f92d27c13448ffd9ab14339bcc63a0d7a2fdea/numpy-2.5.3-cp314-cp314-macosx_11_0_arm64.whl", hash = "sha256:012e66aca395d795496446e52aeeb5866312a5d4d3f27da270e5a0b43f70dc5c", size = 12013862 },
    { url = "https://files.pythonhosted.org/packages/94/75/4640d2d6e4b64a049e48425a82728a41ef4adb61332d2cba68055774878b/numpy-2.5.3-cp314-cp314-macosx_14_0_arm64.whl", hash = "sha256:adc1ada2662f8a5f960b8a10d9986897e7499ef07e06d4cfe7197f8cce923c07", size = 5449793 },
    { url = "https://files.pythonhosted.org/packages/96/cd/625b57ae33d4ca560f32cc0b47b4a5922146d9beb998ddf773900d440a73/numpy-2.5.3-cp314-cp314-macosx_14_0_x86_64.whl", hash = "sha256:54a115e5a73b8fc44f0cebef486365a1894b5c9760685d4558b72b7c3eb846e0", size = 6785176 },
    { url = "https://files.pythonhosted.org/packages/9c/72/12918652e7912ef9751e8694c88820fcd1908e0618cb23f5f3caa6004b7b/numpy-2.5.3-cp314-cp314-manylinux_2_27_aarch64.manylinux_2_28_aarch64.whl", hash = "sha256:be5a8381859b6da607c84f4f7d6847725f1cf1853ef8a2c9e115b7d58bef47dc", size = 15703377 },
    { url = "https://files.pythonhosted.org/packages/45/8f/9beacf79ca7c650688ad0baa80931adb988fe6e6e5d5903c23cc3dbd70eb/numpy-2.5.3-cp314-cp314-manylinux_2_27_x86_64.manylinux_2_28_x86_64.whl", hash = "sha256:b0521d0f4aebb6e06189451025fa17a913287b13c03d5fe05c017333b654ea5b", size = 16711928 },
    { url = "https://files.pythonhosted.org/packages/09/8d/41d0a56e1ac4c87495c897a211b1368691b7237aadabec8b3b8f3a74d48f/numpy-2.5.3-cp314-cp314-musllinux_1_2_aarch64.whl", hash = "sha256:9deb49575e5b0b94ed72c8a64ec4d033381adc27e9060ae842971f697ba96104", size = 17059507 },
    { url = "https://files.pythonhosted.org/packages/08/1e/0dfbc5cc251d54e2af790f254d24ec38637fa97ec7d5d11de7ffed787098/numpy-2.5.3-cp314-cp314-musllinux_1_2_x86_64.whl", hash = "sha256:b00eefbcf0f292945c4b4dec2ae845389ef5bcdcd596e6e4328051db5b5ba694", size = 18471002 },
    { url = "https://files.pythonhosted.org/packages/b5/2c/dfa40f6991f8185c8c30ffd023dfcbb11888e823cfab9557b920f3bb7bed/numpy-2.5.3-cp314-cp314-win32.whl", hash = "sha256:c2381f82999704f818e2c987a865050e285ec3621262c66d40f5a96c8f899f8e", size = 6180485 },
    { url = "https://files.pythonhosted.org/packages/a4/73/d2c08231e4fde7e415501fd02c715d96e98599b2d8384445933944152984/numpy-2.5.3-cp314-cp314-win_amd64.whl", hash = "sha256:2c25dfa72943e4336ddb6b0ee4277b47a0c85bede0807530ec68103bf58e2c10", size = 12698179 },
    { url = "https://files.pythonhosted.org/packages/5c/e9/dcdcc9b95cf5f49815055573aee1b11cfbf5299f38a180e437ded050810f/numpy-2.5.3-cp314-cp314-win_arm64.whl", hash = "sha256:15aa985ac73a8db02db7663381aa109510449d3819d37206caed27b33a65a8a6", size = 10769383 },
    { url = "https://files.pythonhosted.org/packages/49/c4/af8bc08a7ef4e1529a7c0cf24969accce316b783999802089a581ec99272/numpy-2.5.3-cp314-cp314t-macosx_11_0_arm64.whl", hash = "sha256:ac7bb1c52d445bd4f8f7f97fefe6abc3a084dc4d63df50d79b17fa2b78e89297", size = 12132668 },
    { url = "https://files.pythonhosted.org/packages/c5/ae/0f15eb56d4ec5e13c1f7ff04ff407f997d1acbadb45d3e1f2e2645a8f43c/numpy-2.5.3-cp314-cp314t-macosx_14_0_arm64.whl", hash = "sha256:e6ab667ba76450084eb64013762c438ea76d9d29cc676dcd6c2e9892ba37f841", size = 5568580 },
    { url = "https://files.pythonhosted.org/packages/23/fb/c72a8f25d4b6e96c354e7ab45ace3b27dc11e5d6a13b6c7d0cd6b08bf112/numpy-2.5.3-cp314-cp314t-macosx_14_0_x86_64.whl", hash = "sha256:f7fabeb6cea87d65f3b926de33d03fb016cfdc29314c90974383b5582ae72891", size = 6882634 },
    { url = "https://files.pythonhosted.org/packages/07/a9/968c90ed2ab15060c338e8137f1215b5a60756ae07328e0a60d1c6734df4/numpy-2.5.3-cp314-cp314t-manylinux_2_27_aarch64.manylinux_2_28_aarch64.whl", hash = "sha256:1fb6f8fb9ff0b3a69f52c66ce397b0246583e9f28616231b0e32ca49259a5fa6", size = 15748923 },
    { url = "https://files.pythonhosted.org/packages/59/08/9df04103947b95e3b6b1f2ed1a70521f325647a31b82da6a2aae3a485508/numpy-2.5.3-cp314-cp314t-manylinux_2_27_x86_64.manylinux_2_28_x86_64.whl", hash = "sha256:93e1f5447e2b1e479d7bd74701e84746b86450cff1fc368b132d195e2b8f8211", size = 16746748 },
    { url = "https://files.pythonhosted.org/packages/41/a0/14c8d5fe5b53a334aabb653deb391c0fef49558f491880ea300ed6785224/numpy-2.5.3-cp314-cp314t-musllinux_1_2_aarch64.whl", hash = "sha256:c00abe94c1a69d75d827dcf1c025b25c8a45d230b3bcd77a9020883a1b047653", size = 17111561 },
    { url = "https://files.pythonhosted.org/packages/c4/a6/d7e96e42f01522e154c32489640f16dfc4f6181d165d05fc3bec8c2c4999/numpy-2.5.3-cp314-cp314t-musllinux_1_2_x86_64.whl", hash = "sha256:536f963710a4e63934d80ac0dc4f478804a83e9a84b6828018f25d09953ada33", size = 18513945 },
    { url = "https://files.pythonhosted.org/packages/25/39/3453afb7119d0449ef11c886874120ff180e2c337760e0e2d88f70f1a945/numpy-2.5.3-cp314-cp314t-win32.whl", hash = "sha256:4c8a6d2ebce6305fd82fbefca827775437147052a976ee7c94b36a0c1b52ac6c", size = 6335421 },
    { url = "https://files.pythonhosted.org/packages/99/01/22815d2b19a1a746b1d45205cffebb3fe511a18acb75fba6c88491fc9894/numpy-2.5.3-cp314-cp314t-win_amd64.whl", hash = "sha256:9a37475425b431b4d060f23b4f52cd2f3aef6bc7c654bd760adf0040eec9d435", size = 12896420 },
    { url = "https://files.pythonhosted.org/packages/fa/ee/a7cbba67eeaff038dc29ca8b98a88396c8b0cc9c89d4924f4a27a5c9150b/numpy-2.5.3-cp314-cp314t-win_arm64.whl", hash = "sha256:2d8240cb4c16fd831074aa2b2cf9fc54664d826341d61c372245b96a74a49a9a", size = 10857177 },
    { url = "https://files.pythonhosted.org/packages/45/56/78194492883ff5eec90423fe56a3a44b154da047d88a6307f629713c584f/numpy-2.5.3-cp315-cp315-macosx_10_15_x86_64.whl", hash = "sha256:a6391fafaba97500887132cd582abc6e19452b1ac775a47caa7b24490e152058", size = 16996531 },
    { url = "https://files.pythonhosted.org/packages/11/39/dd55c0af90bbab564b09ae3b0aa60ec5c02b900fa4f1ba23440525c8b32d/numpy-2.5.3-cp315-cp315-macosx_11_0_arm64.whl", hash = "sha256:09d5a423c71ad5feb5625844ad58050e35df43871004b52ac9c0ad44a56775be", size = 12012569 },
    { url = "https://files.pythonhosted.org/packages/b6/51/04f67d32e4862b281b1cb84ceeaed3421189a84fb6fb51a391cd6d5009f7/numpy-2.5.3-cp315-cp315-macosx_14_0_arm64.whl", hash = "sha256:f9579f383d1bf9df80081e72760e84960a7fd4f88cf0c9e535a8597c9bb646f5", size = 5448498 },
    { url = "https://files.pythonhosted.org/packages/a3/c9/25b4dc0dd1344ec26c7319e84fd4e9809d2b5628f4e12decd618036e5178/numpy-2.5.3-cp315-cp315-macosx_14_0_x86_64.whl", hash = "sha256:86bff898a431c0fb71f7610b75726e75a54d47b37edc9d537f48de63bb3c0b90", size = 6783026 },
    { url = "https://files.pythonhosted.org/packages/fc/c7/29285be1e5232a6e7ee3268a33c85843f5a8ee93350c6465cddd66ebbf76/numpy-2.5.3-cp315-cp315-manylinux_2_27_aarch64.manylinux_2_28_aarch64.whl", hash = "sha256:1f3ed25271581281f2fccb1adcedfcde4c07362eec69189b50baf6f90e3ae159", size = 15697322 },
    { url = "https://files.pythonhosted.org/packages/55/49/bbad5335fb4996a16881f853ff3e0ba582f01720e55c89b1c06b8fc42a90/numpy-2.5.3-cp315-cp315-manylinux_2_27_x86_64.manylinux_2_28_x86_64.whl", hash = "sha256:ffdc76bfcae6b255dff75202c5e7feaf95b40246bc0a17944facc1fecf9f79ab", size = 16708995 },
    { url = "https://files.pythonhosted.org/packages/ef/e9/1df35483760b04a65ea44669f89dc64f30e5aca098b48ceb8b1310b0e0fe/numpy-2.5.3-cp315-cp315-musllinux_1_2_aarch64.whl", hash = "sha256:116f96cadd935c6122e9228d676fe7ede19e741f5c8bb1c3cddbe0c51ccebea2", size = 17052508 },
    { url = "https://files.pythonhosted.org/packages/b8/99/66e54da8265cc8be8a7382bf96edce17aaa2837d6f484432025932a3caa5/numpy-2.5.3-cp315-cp315-musllinux_1_2_x86_64.whl", hash = "sha256:09ffa5d903faeaa5c4dd05009cf81c8bab9f2cb37c548b8d39b65b4cfa7c97f7", size = 18468224 },
    { url = "https://files.pythonhosted.org/packages/01/bc/b5e90a91c115168d793dfd2ad9c69c438c2fe7a13a437e770bc5b078e732/numpy-2.5.3-cp315-cp315-win32.whl", hash = "sha256:e01c918ac3d48e18a927cf7b14a26a3e29ff2bdf2eacb976da0aecd6a43ed034", size = 6179919 },
    { url = "https://files.pythonhosted.org/packages/37/ea/780748fd3985109075514ef8fc64cd25f943e40dde13a6d59141eb268fc8/numpy-2.5.3-cp315-cp315-win_amd64.whl", hash = "sha256:e931e4f499e0dc7ef29d269a8e5b35dd722e5d14be07df6240166ea7c6532fae", size = 12697656 },
    { url = "https://files.pythonhosted.org/packages/b3/16/407be69a2a87c8cab64d95975a8977a426a29e138f07e276ec258f0fe4e5/numpy-2.5.3-cp315-cp315-win_arm64.whl", hash = "sha256:26e15e4aecd8617dfbaecb37d223e365d7b39411fba20454be2670a96aa74cb5", size = 10767601 },
    { url = "https://files.pythonhosted.org/packages/44/bf/a97ffb01e41d50a32a9177aef942a4d0e389a3daf451d04e5f38ef6afb87/numpy-2.5.3-cp315-cp315t-macosx_10_15_x86_64.whl", hash = "sha256:6cef4bb1706dfec49243c05d921eefb4e190d41e2528b30d8035ea1f36b4c24a", size = 17090092 },
    { url = "https://files.pythonhosted.org/packages/d1/24/136c02f2c2af9a067a84d0c3aa10c99012c0476fa5066732fa4a4202557d/numpy-2.5.3-cp315-cp315t-macosx_11_0_arm64.whl", hash = "sha256:d1c89973648c85069c5046ad460f7b8a00218b29a2e42359ac8cc63e9ab94832", size = 12129429 },
    { url = "https://files.pythonhosted.org/packages/fe/6c/b47582d6597789bf946d5efbeb6b9e56fd8bcbd5efc6fbf51dbe1ea31eb3/numpy-2.5.3-cp315-cp315t-macosx_14_0_arm64.whl", hash = "sha256:214045a5bf00113a146ab9ee9730c44501af6723cdf1f6830932f7b5ef2e7af0", size = 5565452 },
    { url = "https://files.pythonhosted.org/packages/be/b4/ef3cc6da73774202d4deae16bb321fd8298a4e0561e3539f8c4be237d916/numpy-2.5.3-cp315-cp315t-macosx_14_0_x86_64.whl", hash = "sha256:8617bbfae4486cf99c9f899966699428d19da931d06ca94ad3da986c76e15997", size = 6876736 },
    { url = "https://files.pythonhosted.org/packages/9e/24/e3813329498596cb842703dcacac1741612ed9fb9c4e6a3e0c7e2ebbc597/numpy-2.5.3-cp315-cp315t-manylinux_2_27_aarch64.manylinux_2_28_aarch64.whl", hash = "sha256:595d020938c84e320bcf40ad71089e108eac0d377cd018e14a8c094f39e98d85", size = 15745777 },
    { url = "https://files.pythonhosted.org/packages/4a/9e/4e7a07fd0776dc2210cdacf2010be8665194d094defc10c419d7dea794cc/numpy-2.5.3-cp315-cp315t-manylinux_2_27_x86_64.manylinux_2_28_x86_64.whl", hash = "sha256:6f24021b9f22bc6301c37b196974a92c1c18dccedb6fef3dd252e95f2d6adbe4", size = 16746949 },
    { url = "https://files.pythonhosted.org/packages/91/db/01674c0e20335057813a00c2ebd546ed25bff9ed7914f9bced00f8c55d94/numpy-2.5.3-cp315-cp315t-musllinux_1_2_aarch64.whl", hash = "sha256:71b39d9f935b6ec0f8753e3e2afb51e3efba6f2e05b68b32a40754d24bcd4a3c", size = 17108994 },
    { url = "https://files.pythonhosted.org/packages/45/7a/584c5e71f8d378e57cac0b033891ed65c683ef90573ba4854e8c28203db0/numpy-2.5.3-cp315-cp315t-musllinux_1_2_x86_64.whl", hash = "sha256:6b05c171afb3aa07adbd20abc00aea86fe375beb0fdb9ef780ec5b7f63bab1c0", size = 18512266 },
    { url = "https://files.pythonhosted.org/packages/a1/d2/4e1014173aa3c55e6a756e0e567290743a6ab33a288460374d7ef6bcd239/numpy-2.5.3-cp315-cp315t-win32.whl", hash = "sha256:f54660b0eb6b0b9f36e7fe1cdfdff472028dd0d14acd9b9b65098efbad059469", size = 6330292 },
    { url = "https://files.pythonhosted.org/packages/6c/b0/ff5658a58199b7bcaad87bf260eef6713d9d42cca4e028f935b4fc5fbac6/numpy-2.5.3-cp315-cp315t-win_amd64.whl", hash = "sha256:1aad64d99730d013cfc6debafed22783b4fc5a7f4b8bc744d2d8cf7dcc880551", size = 12884918 },
    { url = "https://files.pythonhosted.org/packages/fb/0b/b12a2df5d1b774bd9007a6fdff9381145b6223d37f11afc9c37ab0efd9a1/numpy-2.5.3-cp315-cp315t-win_arm64.whl", hash = "sha256:befa1ae5bd6030b3f512b43ff3fa5290bbed6b84411a44244b14adf835f5b89d", size = 10850807 },
]

[[package]]
name = "packaging"
version = "26.3"
source = { registry = "https://pypi.org/simple" }
sdist = { url = "https://files.pythonhosted.org/packages/7d/fa/3944b40b07da9ce895c0e6303a5ab7d53da063554f534556b134a54d6093/packaging-26.3.tar.gz", hash = "sha256:94edc256424af38762eb31306eed28beb9f0efc50a8837492c9d6fd6004aed79", size = 313412 }
wheels = [
    { url = "https://files.pythonhosted.org/packages/63/34/ba1c580383c9eada3711951fef0795c80b829a078d72188184bcab9dd527/packaging-26.3-py3-none-any.whl", hash = "sha256:d7193f7c8e4e93f444fde0262bf90af30e16fa0ad0ad44cb553c87339b23cd1c", size = 129956 },
]

[[package]]
name = "pluggy"
version = "1.6.0"
source = { registry = "https://pypi.org/simple" }
sdist = { url = "https://files.pythonhosted.org/packages/f9/e2/3e91f31a7d2b083fe6ef3fa267035b518369d9511ffab804f839851d2779/pluggy-1.6.0.tar.gz", hash = "sha256:7dcc130b76258d33b90f61b658791dede3486c3e6bfb003ee5c9bfb396dd22f3", size = 69412 }
wheels = [
    { url = "https://files.pythonhosted.org/packages/54/20/4d324d65cc6d9205fabedc306948156824eb9f0ee1633355a8f7ec5c66bf/pluggy-1.6.0-py3-none-any.whl", hash = "sha256:e920276dd6813095e9377c0bc5566d94c932c33b27a3e3945d8389c374dd4746", size = 20538 },
]

[[package]]
name = "pygments"
version = "2.21.0"
source = { registry = "https://pypi.org/simple" }
sdist = { url = "https://files.pythonhosted.org/packages/49/2e/ced460408999b33da6b31b0021b0f37d329e202d4169aeb164493778f25b/pygments-2.21.0.tar.gz", hash = "sha256:610ca751c9bc2492b38eb9a38a7fbc93edbbb2d7182edaf34e66ae493dee5c8c", size = 5005329 }
wheels = [
    { url = "https://files.pythonhosted.org/packages/71/46/17f022dd3e953bf20a04a028a21ec746d942f8d2af30fa0f124fa0e6a684/pygments-2.21.0-py3-none-any.whl", hash = "sha256:2363c69b61c4a97c838da3b130dcd6468f4848992b21a82f2a63ec34377137d9", size = 1250147 },
]

[[package]]
name = "pytest"
version = "9.1.1"
source = { registry = "https://pypi.org/simple" }
dependencies = [
    { name = "colorama", marker = "sys_platform == 'win32'" },
    { name = "iniconfig" },
    { name = "packaging" },
    { name = "pluggy" },
    { name = "pygments" },
]
sdist = { url = "https://files.pythonhosted.org/packages/e4/47/b9efed96c114afcfa3c9d3fe98a76a1d14c74a9e266d397cf6eb64be5e01/pytest-9.1.1.tar.gz", hash = "sha256:1088fbde8f2b49d95a549a195707afa7a76a3ce9bcadc26b6d71f0ffda5fe313", size = 1636369 }
wheels = [
    { url = "https://files.pythonhosted.org/packages/24/25/1de2678b631f5a49215c6c96fff41ba892b0a34df68d6d80292b1b48aa7f/pytest-9.1.1-py3-none-any.whl", hash = "sha256:37a86b45efb9a47a61a36449063e8e18d0cab3161329fc099eb21783169c4f0c", size = 386536 },
]

[[package]]
name = "shadow-hull"
version = "0.1.0"
source = { editable = "." }
dependencies = [
    { name = "fonttools" },
    { name = "manifold3d" },
    { name = "numpy" },
]

[package.optional-dependencies]
dev = [
    { name = "pytest" },
]

[package.metadata]
requires-dist = [
    { name = "fonttools" },
    { name = "manifold3d" },
    { name = "numpy" },
    { name = "pytest", marker = "extra == 'dev'" },
]
provides-extras = ["dev"]
